// !$*UTF8*$!
{
	archiveVersion = 1;
	classes = {
	};
	objectVersion = 46;
	objects = {

/* Begin PBXBuildFile section */
		9C5F1CF11A30E48F00579731 /* main.m in Sources */ = {isa = PBXBuildFile; fileRef = 9C5F1CF01A30E48F00579731 /* main.m */; };
		9C5F1CF41A30E48F00579731 /* AppDelegate.m in Sources */ = {isa = PBXBuildFile; fileRef = 9C5F1CF31A30E48F00579731 /* AppDelegate.m */; };
		9C5F1CF71A30E48F00579731 /* ViewController.m in Sources */ = {isa = PBXBuildFile; fileRef = 9C5F1CF61A30E48F00579731 /* ViewController.m */; };
		9C5F1CFA1A30E48F00579731 /* Main.storyboard in Resources */ = {isa = PBXBuildFile; fileRef = 9C5F1CF81A30E48F00579731 /* Main.storyboard */; };
		9C5F1CFC1A30E48F00579731 /* Images.xcassets in Resources */ = {isa = PBXBuildFile; fileRef = 9C5F1CFB1A30E48F00579731 /* Images.xcassets */; };
		9C5F1CFF1A30E48F00579731 /* LaunchScreen.xib in Resources */ = {isa = PBXBuildFile; fileRef = 9C5F1CFD1A30E48F00579731 /* LaunchScreen.xib */; };
		9C5F1D0B1A30E48F00579731 /* CurrentDeviceTests.m in Sources */ = {isa = PBXBuildFile; fileRef = 9C5F1D0A1A30E48F00579731 /* CurrentDeviceTests.m */; };
/* End PBXBuildFile section */

/* Begin PBXContainerItemProxy section */
		9C5F1D051A30E48F00579731 /* PBXContainerItemProxy */ = {
			isa = PBXContainerItemProxy;
			containerPortal = 9C5F1CE31A30E48E00579731 /* Project object */;
			proxyType = 1;
			remoteGlobalIDString = 9C5F1CEA1A30E48E00579731;
			remoteInfo = CurrentDevice;
		};
/* End PBXContainerItemProxy section */

/* Begin PBXFileReference section */
		9C5F1CEB1A30E48E00579731 /* CurrentDevice.app */ = {isa = PBXFileReference; explicitFileType = wrapper.application; includeInIndex = 0; path = CurrentDevice.app; sourceTree = BUILT_PRODUCTS_DIR; };
		9C5F1CEF1A30E48E00579731 /* Info.plist */ = {isa = PBXFileReference; lastKnownFileType = text.plist.xml; path = Info.plist; sourceTree = "<group>"; };
		9C5F1CF01A30E48F00579731 /* main.m */ = {isa = PBXFileReference; lastKnownFileType = sourcecode.c.objc; path = main.m; sourceTree = "<group>"; };
		9C5F1CF21A30E48F00579731 /* AppDelegate.h */ = {isa = PBXFileReference; lastKnownFileType = sourcecode.c.h; path = AppDelegate.h; sourceTree = "<group>"; };
		9C5F1CF31A30E48F00579731 /* AppDelegate.m */ = {isa = PBXFileReference; lastKnownFileType = sourcecode.c.objc; path = AppDelegate.m; sourceTree = "<group>"; };
		9C5F1CF51A30E48F00579731 /* ViewController.h */ = {isa = PBXFileReference; lastKnownFileType = sourcecode.c.h; path = ViewController.h; sourceTree = "<group>"; };
		9C5F1CF61A30E48F00579731 /* ViewController.m */ = {isa = PBXFileReference; lastKnownFileType = sourcecode.c.objc; path = ViewController.m; sourceTree = "<group>"; };
		9C5F1CF91A30E48F00579731 /* Base */ = {isa = PBXFileReference; lastKnownFileType = file.storyboard; name = Base; path = Base.lproj/Main.storyboard; sourceTree = "<group>"; };
		9C5F1CFB1A30E48F00579731 /* Images.xcassets */ = {isa = PBXFileReference; lastKnownFileType = folder.assetcatalog; path = Images.xcassets; sourceTree = "<group>"; };
		9C5F1CFE1A30E48F00579731 /* Base */ = {isa = PBXFileReference; lastKnownFileType = file.xib; name = Base; path = Base.lproj/LaunchScreen.xib; sourceTree = "<group>"; };
		9C5F1D041A30E48F00579731 /* CurrentDeviceTests.xctest */ = {isa = PBXFileReference; explicitFileType = wrapper.cfbundle; includeInIndex = 0; path = CurrentDeviceTests.xctest; sourceTree = BUILT_PRODUCTS_DIR; };
		9C5F1D091A30E48F00579731 /* Info.plist */ = {isa = PBXFileReference; lastKnownFileType = text.plist.xml; path = Info.plist; sourceTree = "<group>"; };
		9C5F1D0A1A30E48F00579731 /* CurrentDeviceTests.m */ = {isa = PBXFileReference; lastKnownFileType = sourcecode.c.objc; path = CurrentDeviceTests.m; sourceTree = "<group>"; };
/* End PBXFileReference section */

/* Begin PBXFrameworksBuildPhase section */
		9C5F1CE81A30E48E00579731 /* Frameworks */ = {
			isa = PBXFrameworksBuildPhase;
			buildActionMask = 2147483647;
			files = (
			);
			runOnlyForDeploymentPostprocessing = 0;
		};
		9C5F1D011A30E48F00579731 /* Frameworks */ = {
			isa = PBXFrameworksBuildPhase;
			buildActionMask = 2147483647;
			files = (
			);
			runOnlyForDeploymentPostprocessing = 0;
		};
/* End PBXFrameworksBuildPhase section */

/* Begin PBXGroup section */
		9C5F1CE21A30E48E00579731 = {
			isa = PBXGroup;
			children = (
				9C5F1CED1A30E48E00579731 /* CurrentDevice */,
				9C5F1D071A30E48F00579731 /* CurrentDeviceTests */,
				9C5F1CEC1A30E48E00579731 /* Products */,
			);
			sourceTree = "<group>";
		};
		9C5F1CEC1A30E48E00579731 /* Products */ = {
			isa = PBXGroup;
			children = (
				9C5F1CEB1A30E48E00579731 /* CurrentDevice.app */,
				9C5F1D041A30E48F00579731 /* CurrentDeviceTests.xctest */,
			);
			name = Products;
			sourceTree = "<group>";
		};
		9C5F1CED1A30E48E00579731 /* CurrentDevice */ = {
			isa = PBXGroup;
			children = (
				9C5F1CF21A30E48F00579731 /* AppDelegate.h */,
				9C5F1CF31A30E48F00579731 /* AppDelegate.m */,
				9C5F1CF51A30E48F00579731 /* ViewController.h */,
				9C5F1CF61A30E48F00579731 /* ViewController.m */,
				9C5F1CF81A30E48F00579731 /* Main.storyboard */,
				9C5F1CFB1A30E48F00579731 /* Images.xcassets */,
				9C5F1CFD1A30E48F00579731 /* LaunchScreen.xib */,
				9C5F1CEE1A30E48E00579731 /* Supporting Files */,
			);
			path = CurrentDevice;
			sourceTree = "<group>";
		};
		9C5F1CEE1A30E48E00579731 /* Supporting Files */ = {
			isa = PBXGroup;
			children = (
				9C5F1CEF1A30E48E00579731 /* Info.plist */,
				9C5F1CF01A30E48F00579731 /* main.m */,
			);
			name = "Supporting Files";
			sourceTree = "<group>";
		};
		9C5F1D071A30E48F00579731 /* CurrentDeviceTests */ = {
			isa = PBXGroup;
			children = (
				9C5F1D0A1A30E48F00579731 /* CurrentDeviceTests.m */,
				9C5F1D081A30E48F00579731 /* Supporting Files */,
			);
			path = CurrentDeviceTests;
			sourceTree = "<group>";
		};
		9C5F1D081A30E48F00579731 /* Supporting Files */ = {
			isa = PBXGroup;
			children = (
				9C5F1D091A30E48F00579731 /* Info.plist */,
			);
			name = "Supporting Files";
			sourceTree = "<group>";
		};
/* End PBXGroup section */

/* Begin PBXNativeTarget section */
		9C5F1CEA1A30E48E00579731 /* CurrentDevice */ = {
			isa = PBXNativeTarget;
			buildConfigurationList = 9C5F1D0E1A30E48F00579731 /* Build configuration list for PBXNativeTarget "CurrentDevice" */;
			buildPhases = (
				9C5F1CE71A30E48E00579731 /* Sources */,
				9C5F1CE81A30E48E00579731 /* Frameworks */,
				9C5F1CE91A30E48E00579731 /* Resources */,
			);
			buildRules = (
			);
			dependencies = (
			);
			name = CurrentDevice;
			productName = CurrentDevice;
			productReference = 9C5F1CEB1A30E48E00579731 /* CurrentDevice.app */;
			productType = "com.apple.product-type.application";
		};
		9C5F1D031A30E48F00579731 /* CurrentDeviceTests */ = {
			isa = PBXNativeTarget;
			buildConfigurationList = 9C5F1D111A30E48F00579731 /* Build configuration list for PBXNativeTarget "CurrentDeviceTests" */;
			buildPhases = (
				9C5F1D001A30E48F00579731 /* Sources */,
				9C5F1D011A30E48F00579731 /* Frameworks */,
				9C5F1D021A30E48F00579731 /* Resources */,
			);
			buildRules = (
			);
			dependencies = (
				9C5F1D061A30E48F00579731 /* PBXTargetDependency */,
			);
			name = CurrentDeviceTests;
			productName = CurrentDeviceTests;
			productReference = 9C5F1D041A30E48F00579731 /* CurrentDeviceTests.xctest */;
			productType = "com.apple.product-type.bundle.unit-test";
		};
/* End PBXNativeTarget section */

/* Begin PBXProject section */
		9C5F1CE31A30E48E00579731 /* Project object */ = {
			isa = PBXProject;
			attributes = {
				LastUpgradeCheck = 0610;
				ORGANIZATIONNAME = "Marcelo Sampaio";
				TargetAttributes = {
					9C5F1CEA1A30E48E00579731 = {
						CreatedOnToolsVersion = 6.1.1;
					};
					9C5F1D031A30E48F00579731 = {
						CreatedOnToolsVersion = 6.1.1;
						TestTargetID = 9C5F1CEA1A30E48E00579731;
					};
				};
			};
			buildConfigurationList = 9C5F1CE61A30E48E00579731 /* Build configuration list for PBXProject "CurrentDevice" */;
			compatibilityVersion = "Xcode 3.2";
			developmentRegion = English;
			hasScannedForEncodings = 0;
			knownRegions = (
				en,
				Base,
			);
			mainGroup = 9C5F1CE21A30E48E00579731;
			productRefGroup = 9C5F1CEC1A30E48E00579731 /* Products */;
			projectDirPath = "";
			projectRoot = "";
			targets = (
				9C5F1CEA1A30E48E00579731 /* CurrentDevice */,
				9C5F1D031A30E48F00579731 /* CurrentDeviceTests */,
			);
		};
/* End PBXProject section */

/* Begin PBXResourcesBuildPhase section */
		9C5F1CE91A30E48E00579731 /* Resources */ = {
			isa = PBXResourcesBuildPhase;
			buildActionMask = 2147483647;
			files = (
				9C5F1CFA1A30E48F00579731 /* Main.storyboard in Resources */,
				9C5F1CFF1A30E48F00579731 /* LaunchScreen.xib in Resources */,
				9C5F1CFC1A30E48F00579731 /* Images.xcassets in Resources */,
			);
			runOnlyForDeploymentPostprocessing = 0;
		};
		9C5F1D021A30E48F00579731 /* Resources */ = {
			isa = PBXResourcesBuildPhase;
			buildActionMask = 2147483647;
			files = (
			);
			runOnlyForDeploymentPostprocessing = 0;
		};
/* End PBXResourcesBuildPhase section */

/* Begin PBXSourcesBuildPhase section */
		9C5F1CE71A30E48E00579731 /* Sources */ = {
			isa = PBXSourcesBuildPhase;
			buildActionMask = 2147483647;
			files = (
				9C5F1CF71A30E48F00579731 /* ViewController.m in Sources */,
				9C5F1CF41A30E48F00579731 /* AppDelegate.m in Sources */,
				9C5F1CF11A30E48F00579731 /* main.m in Sources */,
			);
			runOnlyForDeploymentPostprocessing = 0;
		};
		9C5F1D001A30E48F00579731 /* Sources */ = {
			isa = PBXSourcesBuildPhase;
			buildActionMask = 2147483647;
			files = (
				9C5F1D0B1A30E48F00579731 /* CurrentDeviceTests.m in Sources */,
			);
			runOnlyForDeploymentPostprocessing = 0;
		};
/* End PBXSourcesBuildPhase section */

/* Begin PBXTargetDependency section */
		9C5F1D061A30E48F00579731 /* PBXTargetDependency */ = {
			isa = PBXTargetDependency;
			target = 9C5F1CEA1A30E48E00579731 /* CurrentDevice */;
			targetProxy = 9C5F1D051A30E48F00579731 /* PBXContainerItemProxy */;
		};
/* End PBXTargetDependency section */

/* Begin PBXVariantGroup section */
		9C5F1CF81A30E48F00579731 /* Main.storyboard */ = {
			isa = PBXVariantGroup;
			children = (
				9C5F1CF91A30E48F00579731 /* Base */,
			);
			name = Main.storyboard;
			sourceTree = "<group>";
		};
		9C5F1CFD1A30E48F00579731 /* LaunchScreen.xib */ = {
			isa = PBXVariantGroup;
			children = (
				9C5F1CFE1A30E48F00579731 /* Base */,
			);
			name = LaunchScreen.xib;
			sourceTree = "<group>";
		};
/* End PBXVariantGroup section */

/* Begin XCBuildConfiguration section */
		9C5F1D0C1A30E48F00579731 /* Debug */ = {
			isa = XCBuildConfiguration;
			buildSettings = {
				ALWAYS_SEARCH_USER_PATHS = NO;
				CLANG_CXX_LANGUAGE_STANDARD = "gnu++0x";
				CLANG_CXX_LIBRARY = "libc++";
				CLANG_ENABLE_MODULES = YES;
				CLANG_ENABLE_OBJC_ARC = YES;
				CLANG_WARN_BOOL_CONVERSION = YES;
				CLANG_WARN_CONSTANT_CONVERSION = YES;
				CLANG_WARN_DIRECT_OBJC_ISA_USAGE = YES_ERROR;
				CLANG_WARN_EMPTY_BODY = YES;
				CLANG_WARN_ENUM_CONVERSION = YES;
				CLANG_WARN_INT_CONVERSION = YES;
				CLANG_WARN_OBJC_ROOT_CLASS = YES_ERROR;
				CLANG_WARN_UNREACHABLE_CODE = YES;
				CLANG_WARN__DUPLICATE_METHOD_MATCH = YES;
				"CODE_SIGN_IDENTITY[sdk=iphoneos*]" = "iPhone Developer";
				COPY_PHASE_STRIP = NO;
				ENABLE_STRICT_OBJC_MSGSEND = YES;
				GCC_C_LANGUAGE_STANDARD = gnu99;
				GCC_DYNAMIC_NO_PIC = NO;
				GCC_OPTIMIZATION_LEVEL = 0;
				GCC_PREPROCESSOR_DEFINITIONS = (
					"DEBUG=1",
					"$(inherited)",
				);
				GCC_SYMBOLS_PRIVATE_EXTERN = NO;
				GCC_WARN_64_TO_32_BIT_CONVERSION = YES;
				GCC_WARN_ABOUT_RETURN_TYPE = YES_ERROR;
				GCC_WARN_UNDECLARED_SELECTOR = YES;
				GCC_WARN_UNINITIALIZED_AUTOS = YES_AGGRESSIVE;
				GCC_WARN_UNUSED_FUNCTION = YES;
				GCC_WARN_UNUSED_VARIABLE = YES;
				IPHONEOS_DEPLOYMENT_TARGET = 8.1;
				MTL_ENABLE_DEBUG_INFO = YES;
				ONLY_ACTIVE_ARCH = YES;
				SDKROOT = iphoneos;
			};
			name = Debug;
		};
		9C5F1D0D1A30E48F00579731 /* Release */ = {
			isa = XCBuildConfiguration;
			buildSettings = {
				ALWAYS_SEARCH_USER_PATHS = NO;
				CLANG_CXX_LANGUAGE_STANDARD = "gnu++0x";
				CLANG_CXX_LIBRARY = "libc++";
				CLANG_ENABLE_MODULES = YES;
				CLANG_ENABLE_OBJC_ARC = YES;
				CLANG_WARN_BOOL_CONVERSION = YES;
				CLANG_WARN_CONSTANT_CONVERSION = YES;
				CLANG_WARN_DIRECT_OBJC_ISA_USAGE = YES_ERROR;
				CLANG_WARN_EMPTY_BODY = YES;
				CLANG_WARN_ENUM_CONVERSION = YES;
				CLANG_WARN_INT_CONVERSION = YES;
				CLANG_WARN_OBJC_ROOT_CLASS = YES_ERROR;
				CLANG_WARN_UNREACHABLE_CODE = YES;
				CLANG_WARN__DUPLICATE_METHOD_MATCH = YES;
				"CODE_SIGN_IDENTITY[sdk=iphoneos*]" = "iPhone Developer";
				COPY_PHASE_STRIP = YES;
				ENABLE_NS_ASSERTIONS = NO;
				ENABLE_STRICT_OBJC_MSGSEND = YES;
				GCC_C_LANGUAGE_STANDARD = gnu99;
				GCC_WARN_64_TO_32_BIT_CONVERSION = YES;
				GCC_WARN_ABOUT_RETURN_TYPE = YES_ERROR;
				GCC_WARN_UNDECLARED_SELECTOR = YES;
				GCC_WARN_UNINITIALIZED_AUTOS = YES_AGGRESSIVE;
				GCC_WARN_UNUSED_FUNCTION = YES;
				GCC_WARN_UNUSED_VARIABLE = YES;
				IPHONEOS_DEPLOYMENT_TARGET = 8.1;
				MTL_ENABLE_DEBUG_INFO = NO;
				SDKROOT = iphoneos;
				VALIDATE_PRODUCT = YES;
			};
			name = Release;
		};
		9C5F1D0F1A30E48F00579731 /* Debug */ = {
			isa = XCBuildConfiguration;
			buildSettings = {
				ASSETCATALOG_COMPILER_APPICON_NAME = AppIcon;
				INFOPLIST_FILE = CurrentDevice/Info.plist;
				LD_RUNPATH_SEARCH_PATHS = "$(inherited) @executable_path/Frameworks";
				PRODUCT_NAME = "$(TARGET_NAME)";
			};
			name = Debug;
		};
		9C5F1D101A30E48F00579731 /* Release */ = {
			isa = XCBuildConfiguration;
			buildSettings = {
				ASSETCATALOG_COMPILER_APPICON_NAME = AppIcon;
				INFOPLIST_FILE = CurrentDevice/Info.plist;
				LD_RUNPATH_SEARCH_PATHS = "$(inherited) @executable_path/Frameworks";
				PRODUCT_NAME = "$(TARGET_NAME)";
			};
			name = Release;
		};
		9C5F1D121A30E48F00579731 /* Debug */ = {
			isa = XCBuildConfiguration;
			buildSettings = {
				BUNDLE_LOADER = "$(TEST_HOST)";
				FRAMEWORK_SEARCH_PATHS = (
					"$(SDKROOT)/Developer/Library/Frameworks",
					"$(inherited)",
				);
				GCC_PREPROCESSOR_DEFINITIONS = (
					"DEBUG=1",
					"$(inherited)",
				);
				INFOPLIST_FILE = CurrentDeviceTests/Info.plist;
				LD_RUNPATH_SEARCH_PATHS = "$(inherited) @executable_path/Frameworks @loader_path/Frameworks";
				PRODUCT_NAME = "$(TARGET_NAME)";
				TEST_HOST = "$(BUILT_PRODUCTS_DIR)/CurrentDevice.app/CurrentDevice";
			};
			name = Debug;
		};
		9C5F1D131A30E48F00579731 /* Release */ = {
			isa = XCBuildConfiguration;
			buildSettings = {
				BUNDLE_LOADER = "$(TEST_HOST)";
				FRAMEWORK_SEARCH_PATHS = (
					"$(SDKROOT)/Developer/Library/Frameworks",
					"$(inherited)",
				);
				INFOPLIST_FILE = CurrentDeviceTests/Info.plist;
				LD_RUNPATH_SEARCH_PATHS = "$(inherited) @executable_path/Frameworks @loader_path/Frameworks";
				PRODUCT_NAME = "$(TARGET_NAME)";
				TEST_HOST = "$(BUILT_PRODUCTS_DIR)/CurrentDevice.app/CurrentDevice";
			};
			name = Release;
		};
/* End XCBuildConfiguration section */

/* Begin XCConfigurationList section */
		9C5F1CE61A30E48E00579731 /* Build configuration list for PBXProject "CurrentDevice" */ = {
			isa = XCConfigurationList;
			buildConfigurations = (
				9C5F1D0C1A30E48F00579731 /* Debug */,
				9C5F1D0D1A30E48F00579731 /* Release */,
			);
			defaultConfigurationIsVisible = 0;
			defaultConfigurationName = Release;
		};
		9C5F1D0E1A30E48F00579731 /* Build configuration list for PBXNativeTarget "CurrentDevice" */ = {
			isa = XCConfigurationList;
			buildConfigurations = (
				9C5F1D0F1A30E48F00579731 /* Debug */,
				9C5F1D101A30E48F00579731 /* Release */,
			);
			defaultConfigurationIsVisible = 0;
			defaultConfigurationName = Release;
		};
		9C5F1D111A30E48F00579731 /* Build configuration list for PBXNativeTarget "CurrentDeviceTests" */ = {
			isa = XCConfigurationList;
			buildConfigurations = (
				9C5F1D121A30E48F00579731 /* Debug */,
				9C5F1D131A30E48F00579731 /* Release */,
			);
			defaultConfigurationIsVisible = 0;
			defaultConfigurationName = Release;
		};
/* End XCConfigurationList section */
	};
	rootObject = 9C5F1CE31A30E48E00579731 /* Project object */;
}
